// !$*UTF8*$!
{
	archiveVersion = 1;
	classes = {
	};
	objectVersion = 46;
	objects = {

/* Begin PBXBuildFile section */
		13B6486E1CF387D400CA656A /* AppDelegate.swift in Sources */ = {isa = PBXBuildFile; fileRef = 13B6486D1CF387D400CA656A /* AppDelegate.swift */; };
		13B648701CF387D400CA656A /* ViewController.swift in Sources */ = {isa = PBXBuildFile; fileRef = 13B6486F1CF387D400CA656A /* ViewController.swift */; };
		13B648731CF387D400CA656A /* Main.storyboard in Resources */ = {isa = PBXBuildFile; fileRef = 13B648711CF387D400CA656A /* Main.storyboard */; };
		13B648751CF387D400CA656A /* Assets.xcassets in Resources */ = {isa = PBXBuildFile; fileRef = 13B648741CF387D400CA656A /* Assets.xcassets */; };
		13B648781CF387D400CA656A /* LaunchScreen.storyboard in Resources */ = {isa = PBXBuildFile; fileRef = 13B648761CF387D400CA656A /* LaunchScreen.storyboard */; };
		13ECC6421CF4D6D00058294F /* CalculatorBrain.swift in Sources */ = {isa = PBXBuildFile; fileRef = 13ECC6411CF4D6D00058294F /* CalculatorBrain.swift */; };
/* End PBXBuildFile section */

/* Begin PBXFileReference section */
		13B6486A1CF387D400CA656A /* Calculator.app */ = {isa = PBXFileReference; explicitFileType = wrapper.application; includeInIndex = 0; path = Calculator.app; sourceTree = BUILT_PRODUCTS_DIR; };
		13B6486D1CF387D400CA656A /* AppDelegate.swift */ = {isa = PBXFileReference; lastKnownFileType = sourcecode.swift; path = AppDelegate.swift; sourceTree = "<group>"; };
		13B6486F1CF387D400CA656A /* ViewController.swift */ = {isa = PBXFileReference; lastKnownFileType = sourcecode.swift; path = ViewController.swift; sourceTree = "<group>"; };
		13B648721CF387D400CA656A /* Base */ = {isa = PBXFileReference; lastKnownFileType = file.storyboard; name = Base; path = Base.lproj/Main.storyboard; sourceTree = "<group>"; };
		13B648741CF387D400CA656A /* Assets.xcassets */ = {isa = PBXFileReference; lastKnownFileType = folder.assetcatalog; path = Assets.xcassets; sourceTree = "<group>"; };
		13B648771CF387D400CA656A /* Base */ = {isa = PBXFileReference; lastKnownFileType = file.storyboard; name = Base; path = Base.lproj/LaunchScreen.storyboard; sourceTree = "<group>"; };
		13B648791CF387D400CA656A /* Info.plist */ = {isa = PBXFileReference; lastKnownFileType = text.plist.xml; path = Info.plist; sourceTree = "<group>"; };
		13ECC6411CF4D6D00058294F /* CalculatorBrain.swift */ = {isa = PBXFileReference; fileEncoding = 4; lastKnownFileType = sourcecode.swift; path = CalculatorBrain.swift; sourceTree = "<group>"; };
/* End PBXFileReference section */

/* Begin PBXFrameworksBuildPhase section */
		13B648671CF387D400CA656A /* Frameworks */ = {
			isa = PBXFrameworksBuildPhase;
			buildActionMask = 2147483647;
			files = (
			);
			runOnlyForDeploymentPostprocessing = 0;
		};
/* End PBXFrameworksBuildPhase section */

/* Begin PBXGroup section */
		13B648611CF387D400CA656A = {
			isa = PBXGroup;
			children = (
				13B6486C1CF387D400CA656A /* Calculator */,
				13B6486B1CF387D400CA656A /* Products */,
			);
			sourceTree = "<group>";
		};
		13B6486B1CF387D400CA656A /* Products */ = {
			isa = PBXGroup;
			children = (
				13B6486A1CF387D400CA656A /* Calculator.app */,
			);
			name = Products;
			sourceTree = "<group>";
		};
		13B6486C1CF387D400CA656A /* Calculator */ = {
			isa = PBXGroup;
			children = (
				13B6487F1CF3881000CA656A /* Supporting File */,
				13B6486F1CF387D400CA656A /* ViewController.swift */,
				13B648711CF387D400CA656A /* Main.storyboard */,
				13ECC6411CF4D6D00058294F /* CalculatorBrain.swift */,
			);
			path = Calculator;
			sourceTree = "<group>";
		};
		13B6487F1CF3881000CA656A /* Supporting File */ = {
			isa = PBXGroup;
			children = (
				13B6486D1CF387D400CA656A /* AppDelegate.swift */,
				13B648741CF387D400CA656A /* Assets.xcassets */,
				13B648761CF387D400CA656A /* LaunchScreen.storyboard */,
				13B648791CF387D400CA656A /* Info.plist */,
			);
			name = "Supporting File";
			sourceTree = "<group>";
		};
/* End PBXGroup section */

/* Begin PBXNativeTarget section */
		13B648691CF387D400CA656A /* Calculator */ = {
			isa = PBXNativeTarget;
			buildConfigurationList = 13B6487C1CF387D400CA656A /* Build configuration list for PBXNativeTarget "Calculator" */;
			buildPhases = (
				13B648661CF387D400CA656A /* Sources */,
				13B648671CF387D400CA656A /* Frameworks */,
				13B648681CF387D400CA656A /* Resources */,
			);
			buildRules = (
			);
			dependencies = (
			);
			name = Calculator;
			productName = Calculator;
			productReference = 13B6486A1CF387D400CA656A /* Calculator.app */;
			productType = "com.apple.product-type.application";
		};
/* End PBXNativeTarget section */

/* Begin PBXProject section */
		13B648621CF387D400CA656A /* Project object */ = {
			isa = PBXProject;
			attributes = {
				LastSwiftUpdateCheck = 0720;
				LastUpgradeCheck = 0720;
				ORGANIZATIONNAME = "Hung-Yun Liao";
				TargetAttributes = {
					13B648691CF387D400CA656A = {
						CreatedOnToolsVersion = 7.2;
					};
				};
			};
			buildConfigurationList = 13B648651CF387D400CA656A /* Build configuration list for PBXProject "Calculator" */;
			compatibilityVersion = "Xcode 3.2";
			developmentRegion = English;
			hasScannedForEncodings = 0;
			knownRegions = (
				en,
				Base,
			);
			mainGroup = 13B648611CF387D400CA656A;
			productRefGroup = 13B6486B1CF387D400CA656A /* Products */;
			projectDirPath = "";
			projectRoot = "";
			targets = (
				13B648691CF387D400CA656A /* Calculator */,
			);
		};
/* End PBXProject section */

/* Begin PBXResourcesBuildPhase section */
		13B648681CF387D400CA656A /* Resources */ = {
			isa = PBXResourcesBuildPhase;
			buildActionMask = 2147483647;
			files = (
				13B648781CF387D400CA656A /* LaunchScreen.storyboard in Resources */,
				13B648751CF387D400CA656A /* Assets.xcassets in Resources */,
				13B648731CF387D400CA656A /* Main.storyboard in Resources */,
			);
			runOnlyForDeploymentPostprocessing = 0;
		};
/* End PBXResourcesBuildPhase section */

/* Begin PBXSourcesBuildPhase section */
		13B648661CF387D400CA656A /* Sources */ = {
			isa = PBXSourcesBuildPhase;
			buildActionMask = 2147483647;
			files = (
				13ECC6421CF4D6D00058294F /* CalculatorBrain.swift in Sources */,
				13B648701CF387D400CA656A /* ViewController.swift in Sources */,
				13B6486E1CF387D400CA656A /* AppDelegate.swift in Sources */,
			);
			runOnlyForDeploymentPostprocessing = 0;
		};
/* End PBXSourcesBuildPhase section */

/* Begin PBXVariantGroup section */
		13B648711CF387D400CA656A /* Main.storyboard */ = {
			isa = PBXVariantGroup;
			children = (
				13B648721CF387D400CA656A /* Base */,
			);
			name = Main.storyboard;
			sourceTree = "<group>";
		};
		13B648761CF387D400CA656A /* LaunchScreen.storyboard */ = {
			isa = PBXVariantGroup;
			children = (
				13B648771CF387D400CA656A /* Base */,
			);
			name = LaunchScreen.storyboard;
			sourceTree = "<group>";
		};
/* End PBXVariantGroup section */

/* Begin XCBuildConfiguration section */
		13B6487A1CF387D400CA656A /* Debug */ = {
			isa = XCBuildConfiguration;
			buildSettings = {
				ALWAYS_SEARCH_USER_PATHS = NO;
				CLANG_CXX_LANGUAGE_STANDARD = "gnu++0x";
				CLANG_CXX_LIBRARY = "libc++";
				CLANG_ENABLE_MODULES = YES;
				CLANG_ENABLE_OBJC_ARC = YES;
				CLANG_WARN_BOOL_CONVERSION = YES;
				CLANG_WARN_CONSTANT_CONVERSION = YES;
				CLANG_WARN_DIRECT_OBJC_ISA_USAGE = YES_ERROR;
				CLANG_WARN_EMPTY_BODY = YES;
				CLANG_WARN_ENUM_CONVERSION = YES;
				CLANG_WARN_INT_CONVERSION = YES;
				CLANG_WARN_OBJC_ROOT_CLASS = YES_ERROR;
				CLANG_WARN_UNREACHABLE_CODE = YES;
				CLANG_WARN__DUPLICATE_METHOD_MATCH = YES;
				"CODE_SIGN_IDENTITY[sdk=iphoneos*]" = "iPhone Developer";
				COPY_PHASE_STRIP = NO;
				DEBUG_INFORMATION_FORMAT = dwarf;
				ENABLE_STRICT_OBJC_MSGSEND = YES;
				ENABLE_TESTABILITY = YES;
				GCC_C_LANGUAGE_STANDARD = gnu99;
				GCC_DYNAMIC_NO_PIC = NO;
				GCC_NO_COMMON_BLOCKS = YES;
				GCC_OPTIMIZATION_LEVEL = 0;
				GCC_PREPROCESSOR_DEFINITIONS = (
					"DEBUG=1",
					"$(inherited)",
				);
				GCC_WARN_64_TO_32_BIT_CONVERSION = YES;
				GCC_WARN_ABOUT_RETURN_TYPE = YES_ERROR;
				GCC_WARN_UNDECLARED_SELECTOR = YES;
				GCC_WARN_UNINITIALIZED_AUTOS = YES_AGGRESSIVE;
				GCC_WARN_UNUSED_FUNCTION = YES;
				GCC_WARN_UNUSED_VARIABLE = YES;
				IPHONEOS_DEPLOYMENT_TARGET = 9.2;
				MTL_ENABLE_DEBUG_INFO = YES;
				ONLY_ACTIVE_ARCH = YES;
				SDKROOT = iphoneos;
				SWIFT_OPTIMIZATION_LEVEL = "-Onone";
				TARGETED_DEVICE_FAMILY = "1,2";
			};
			name = Debug;
		};
		13B6487B1CF387D400CA656A /* Release */ = {
			isa = XCBuildConfiguration;
			buildSettings = {
				ALWAYS_SEARCH_USER_PATHS = NO;
				CLANG_CXX_LANGUAGE_STANDARD = "gnu++0x";
				CLANG_CXX_LIBRARY = "libc++";
				CLANG_ENABLE_MODULES = YES;
				CLANG_ENABLE_OBJC_ARC = YES;
				CLANG_WARN_BOOL_CONVERSION = YES;
				CLANG_WARN_CONSTANT_CONVERSION = YES;
				CLANG_WARN_DIRECT_OBJC_ISA_USAGE = YES_ERROR;
				CLANG_WARN_EMPTY_BODY = YES;
				CLANG_WARN_ENUM_CONVERSION = YES;
				CLANG_WARN_INT_CONVERSION = YES;
				CLANG_WARN_OBJC_ROOT_CLASS = YES_ERROR;
				CLANG_WARN_UNREACHABLE_CODE = YES;
				CLANG_WARN__DUPLICATE_METHOD_MATCH = YES;
				"CODE_SIGN_IDENTITY[sdk=iphoneos*]" = "iPhone Developer";
				COPY_PHASE_STRIP = NO;
				DEBUG_INFORMATION_FORMAT = "dwarf-with-dsym";
				ENABLE_NS_ASSERTIONS = NO;
				ENABLE_STRICT_OBJC_MSGSEND = YES;
				GCC_C_LANGUAGE_STANDARD = gnu99;
				GCC_NO_COMMON_BLOCKS = YES;
				GCC_WARN_64_TO_32_BIT_CONVERSION = YES;
				GCC_WARN_ABOUT_RETURN_TYPE = YES_ERROR;
				GCC_WARN_UNDECLARED_SELECTOR = YES;
				GCC_WARN_UNINITIALIZED_AUTOS = YES_AGGRESSIVE;
				GCC_WARN_UNUSED_FUNCTION = YES;
				GCC_WARN_UNUSED_VARIABLE = YES;
				IPHONEOS_DEPLOYMENT_TARGET = 9.2;
				MTL_ENABLE_DEBUG_INFO = NO;
				SDKROOT = iphoneos;
				TARGETED_DEVICE_FAMILY = "1,2";
				VALIDATE_PRODUCT = YES;
			};
			name = Release;
		};
		13B6487D1CF387D400CA656A /* Debug */ = {
			isa = XCBuildConfiguration;
			buildSettings = {
				ASSETCATALOG_COMPILER_APPICON_NAME = AppIcon;
				INFOPLIST_FILE = Calculator/Info.plist;
				LD_RUNPATH_SEARCH_PATHS = "$(inherited) @executable_path/Frameworks";
				PRODUCT_BUNDLE_IDENTIFIER = HYL.Calculator;
				PRODUCT_NAME = "$(TARGET_NAME)";
			};
			name = Debug;
		};
		13B6487E1CF387D400CA656A /* Release */ = {
			isa = XCBuildConfiguration;
			buildSettings = {
				ASSETCATALOG_COMPILER_APPICON_NAME = AppIcon;
				INFOPLIST_FILE = Calculator/Info.plist;
				LD_RUNPATH_SEARCH_PATHS = "$(inherited) @executable_path/Frameworks";
				PRODUCT_BUNDLE_IDENTIFIER = HYL.Calculator;
				PRODUCT_NAME = "$(TARGET_NAME)";
			};
			name = Release;
		};
/* End XCBuildConfiguration section */

/* Begin XCConfigurationList section */
		13B648651CF387D400CA656A /* Build configuration list for PBXProject "Calculator" */ = {
			isa = XCConfigurationList;
			buildConfigurations = (
				13B6487A1CF387D400CA656A /* Debug */,
				13B6487B1CF387D400CA656A /* Release */,
			);
			defaultConfigurationIsVisible = 0;
			defaultConfigurationName = Release;
		};
		13B6487C1CF387D400CA656A /* Build configuration list for PBXNativeTarget "Calculator" */ = {
			isa = XCConfigurationList;
			buildConfigurations = (
				13B6487D1CF387D400CA656A /* Debug */,
				13B6487E1CF387D400CA656A /* Release */,
			);
			defaultConfigurationIsVisible = 0;
			defaultConfigurationName = Release;
		};
/* End XCConfigurationList section */
	};
	rootObject = 13B648621CF387D400CA656A /* Project object */;
}
